
Microsoft Visual Studio Solution File, Format Version 12.00
# Visual Studio Version 17
VisualStudioVersion = 17.4.33213.308
MinimumVisualStudioVersion = 10.0.40219.1
Project("{9A19103F-16F7-4668-BE54-9A1E7A4F7556}") = "ClientConsole", "ClientConsole\ClientConsole.csproj", "{29574111-690F-44B2-A003-A7AD3181F0F9}"
EndProject
Project("{9A19103F-16F7-4668-BE54-9A1E7A4F7556}") = "TestArea", "TestArea\TestArea.csproj", "{ACE7BF5C-C6BC-4717-BE58-68493063DD6E}"
EndProject
Project("{FAE04EC0-301F-11D3-BF4B-00C04F79EFBC}") = "BinanceApp", "BinanceApp\BinanceApp.csproj", "{4986D17C-9CF9-4B12-952C-5CDBF09F12A2}"
EndProject
Project("{9A19103F-16F7-4668-BE54-9A1E7A4F7556}") = "Entities", "Entities\Entities.csproj", "{02372BC8-1A97-41CD-94EB-396B72ACD363}"
EndProject
Project("{FAE04EC0-301F-11D3-BF4B-00C04F79EFBC}") = "Binance.Dal", "Binance.Dal\Binance.Dal.csproj", "{63FB8182-348F-4B35-B430-758E9873F465}"
EndProject
Project("{FAE04EC0-301F-11D3-BF4B-00C04F79EFBC}") = "TestConsole", "TestConsole\TestConsole.csproj", "{B251A514-37F7-4FE1-AEDE-5195FD6CCF99}"
EndProject
Global
	GlobalSection(SolutionConfigurationPlatforms) = preSolution
		Debug|Any CPU = Debug|Any CPU
		Release|Any CPU = Release|Any CPU
	EndGlobalSection
	GlobalSection(ProjectConfigurationPlatforms) = postSolution
		{29574111-690F-44B2-A003-A7AD3181F0F9}.Debug|Any CPU.ActiveCfg = Debug|Any CPU
		{29574111-690F-44B2-A003-A7AD3181F0F9}.Debug|Any CPU.Build.0 = Debug|Any CPU
		{29574111-690F-44B2-A003-A7AD3181F0F9}.Release|Any CPU.ActiveCfg = Release|Any CPU
		{29574111-690F-44B2-A003-A7AD3181F0F9}.Release|Any CPU.Build.0 = Release|Any CPU
		{ACE7BF5C-C6BC-4717-BE58-68493063DD6E}.Debug|Any CPU.ActiveCfg = Debug|Any CPU
		{ACE7BF5C-C6BC-4717-BE58-68493063DD6E}.Debug|Any CPU.Build.0 = Debug|Any CPU
		{ACE7BF5C-C6BC-4717-BE58-68493063DD6E}.Release|Any CPU.ActiveCfg = Release|Any CPU
		{ACE7BF5C-C6BC-4717-BE58-68493063DD6E}.Release|Any CPU.Build.0 = Release|Any CPU
		{4986D17C-9CF9-4B12-952C-5CDBF09F12A2}.Debug|Any CPU.ActiveCfg = Debug|Any CPU
		{4986D17C-9CF9-4B12-952C-5CDBF09F12A2}.Debug|Any CPU.Build.0 = Debug|Any CPU
		{4986D17C-9CF9-4B12-952C-5CDBF09F12A2}.Release|Any CPU.ActiveCfg = Release|Any CPU
		{4986D17C-9CF9-4B12-952C-5CDBF09F12A2}.Release|Any CPU.Build.0 = Release|Any CPU
		{02372BC8-1A97-41CD-94EB-396B72ACD363}.Debug|Any CPU.ActiveCfg = Debug|Any CPU
		{02372BC8-1A97-41CD-94EB-396B72ACD363}.Debug|Any CPU.Build.0 = Debug|Any CPU
		{02372BC8-1A97-41CD-94EB-396B72ACD363}.Release|Any CPU.ActiveCfg = Release|Any CPU
		{02372BC8-1A97-41CD-94EB-396B72ACD363}.Release|Any CPU.Build.0 = Release|Any CPU
		{63FB8182-348F-4B35-B430-758E9873F465}.Debug|Any CPU.ActiveCfg = Debug|Any CPU
		{63FB8182-348F-4B35-B430-758E9873F465}.Debug|Any CPU.Build.0 = Debug|Any CPU
		{63FB8182-348F-4B35-B430-758E9873F465}.Release|Any CPU.ActiveCfg = Release|Any CPU
		{63FB8182-348F-4B35-B430-758E9873F465}.Release|Any CPU.Build.0 = Release|Any CPU
		{B251A514-37F7-4FE1-AEDE-5195FD6CCF99}.Debug|Any CPU.ActiveCfg = Debug|Any CPU
		{B251A514-37F7-4FE1-AEDE-5195FD6CCF99}.Debug|Any CPU.Build.0 = Debug|Any CPU
		{B251A514-37F7-4FE1-AEDE-5195FD6CCF99}.Release|Any CPU.ActiveCfg = Release|Any CPU
		{B251A514-37F7-4FE1-AEDE-5195FD6CCF99}.Release|Any CPU.Build.0 = Release|Any CPU
	EndGlobalSection
	GlobalSection(SolutionProperties) = preSolution
		HideSolutionNode = FALSE
	EndGlobalSection
	GlobalSection(ExtensibilityGlobals) = postSolution
		SolutionGuid = {C6772B97-910A-4F07-B33E-D5C6097ED1FC}
	EndGlobalSection
EndGlobal
